
Microsoft Visual Studio Solution File, Format Version 12.00
# Visual Studio Version 17
VisualStudioVersion = 17.11.35303.130
MinimumVisualStudioVersion = 10.0.40219.1
Project("{FAE04EC0-301F-11D3-BF4B-00C04F79EFBC}") = "WoodPelletsLib", "WoodPelletsLib\WoodPelletsLib.csproj", "{B3B732E4-770B-47E9-90BA-4CC55AF0C241}"
EndProject
Project("{FAE04EC0-301F-11D3-BF4B-00C04F79EFBC}") = "WoodPelletsLibTests", "WoodPelletsLibTests\WoodPelletsLibTests.csproj", "{693602A2-619C-4469-B243-AC4CE166C4E1}"
EndProject
Global
	GlobalSection(SolutionConfigurationPlatforms) = preSolution
		Debug|Any CPU = Debug|Any CPU
		Release|Any CPU = Release|Any CPU
	EndGlobalSection
	GlobalSection(ProjectConfigurationPlatforms) = postSolution
		{B3B732E4-770B-47E9-90BA-4CC55AF0C241}.Debug|Any CPU.ActiveCfg = Debug|Any CPU
		{B3B732E4-770B-47E9-90BA-4CC55AF0C241}.Debug|Any CPU.Build.0 = Debug|Any CPU
		{B3B732E4-770B-47E9-90BA-4CC55AF0C241}.Release|Any CPU.ActiveCfg = Release|Any CPU
		{B3B732E4-770B-47E9-90BA-4CC55AF0C241}.Release|Any CPU.Build.0 = Release|Any CPU
		{693602A2-619C-4469-B243-AC4CE166C4E1}.Debug|Any CPU.ActiveCfg = Debug|Any CPU
		{693602A2-619C-4469-B243-AC4CE166C4E1}.Debug|Any CPU.Build.0 = Debug|Any CPU
		{693602A2-619C-4469-B243-AC4CE166C4E1}.Release|Any CPU.ActiveCfg = Release|Any CPU
		{693602A2-619C-4469-B243-AC4CE166C4E1}.Release|Any CPU.Build.0 = Release|Any CPU
	EndGlobalSection
	GlobalSection(SolutionProperties) = preSolution
		HideSolutionNode = FALSE
	EndGlobalSection
	GlobalSection(ExtensibilityGlobals) = postSolution
		SolutionGuid = {32C36316-A64A-403A-A353-4851B5963700}
	EndGlobalSection
EndGlobal
